
Microsoft Visual Studio Solution File, Format Version 12.00
# Visual Studio 15
VisualStudioVersion = 15.0.27703.2042
MinimumVisualStudioVersion = 10.0.40219.1
Project("{FAE04EC0-301F-11D3-BF4B-00C04F79EFBC}") = "Blazor.Extensions.Oidc.JS", "src\Blazor.Extensions.Oidc.JS\Blazor.Extensions.Oidc.JS.csproj", "{034FB1F5-7928-4B1C-9106-F6139F4B0446}"
EndProject
Project("{FAE04EC0-301F-11D3-BF4B-00C04F79EFBC}") = "Blazor.Extensions.Oidc", "src\Blazor.Extensions.Oidc\Blazor.Extensions.Oidc.csproj", "{F61B04E1-DB22-42C8-92FA-DDE1C25E2E1B}"
EndProject
Global
	GlobalSection(SolutionConfigurationPlatforms) = preSolution
		Debug|Any CPU = Debug|Any CPU
		Release|Any CPU = Release|Any CPU
	EndGlobalSection
	GlobalSection(ProjectConfigurationPlatforms) = postSolution
		{034FB1F5-7928-4B1C-9106-F6139F4B0446}.Debug|Any CPU.ActiveCfg = Debug|Any CPU
		{034FB1F5-7928-4B1C-9106-F6139F4B0446}.Debug|Any CPU.Build.0 = Debug|Any CPU
		{034FB1F5-7928-4B1C-9106-F6139F4B0446}.Release|Any CPU.ActiveCfg = Release|Any CPU
		{034FB1F5-7928-4B1C-9106-F6139F4B0446}.Release|Any CPU.Build.0 = Release|Any CPU
		{F61B04E1-DB22-42C8-92FA-DDE1C25E2E1B}.Debug|Any CPU.ActiveCfg = Debug|Any CPU
		{F61B04E1-DB22-42C8-92FA-DDE1C25E2E1B}.Debug|Any CPU.Build.0 = Debug|Any CPU
		{F61B04E1-DB22-42C8-92FA-DDE1C25E2E1B}.Release|Any CPU.ActiveCfg = Release|Any CPU
		{F61B04E1-DB22-42C8-92FA-DDE1C25E2E1B}.Release|Any CPU.Build.0 = Release|Any CPU
	EndGlobalSection
	GlobalSection(SolutionProperties) = preSolution
		HideSolutionNode = FALSE
	EndGlobalSection
	GlobalSection(ExtensibilityGlobals) = postSolution
		SolutionGuid = {7E45CDD9-9817-451C-8431-5E420BFD2AC3}
	EndGlobalSection
EndGlobal
